
Microsoft Visual Studio Solution File, Format Version 12.00
# Visual Studio Version 16
VisualStudioVersion = 16.0.30523.141
MinimumVisualStudioVersion = 10.0.40219.1
Project("{9A19103F-16F7-4668-BE54-9A1E7A4F7556}") = "WebAPI", "WebAPI\WebAPI.csproj", "{42BA30C7-459D-4264-9EF2-BF087DC9199F}"
EndProject
Project("{9A19103F-16F7-4668-BE54-9A1E7A4F7556}") = "xUnitTesting", "xUnitTesting\xUnitTesting.csproj", "{B09E600D-6675-416C-8F84-4AEB1280445F}"
EndProject
Global
	GlobalSection(SolutionConfigurationPlatforms) = preSolution
		Debug|Any CPU = Debug|Any CPU
		Release|Any CPU = Release|Any CPU
	EndGlobalSection
	GlobalSection(ProjectConfigurationPlatforms) = postSolution
		{42BA30C7-459D-4264-9EF2-BF087DC9199F}.Debug|Any CPU.ActiveCfg = Debug|Any CPU
		{42BA30C7-459D-4264-9EF2-BF087DC9199F}.Debug|Any CPU.Build.0 = Debug|Any CPU
		{42BA30C7-459D-4264-9EF2-BF087DC9199F}.Release|Any CPU.ActiveCfg = Release|Any CPU
		{42BA30C7-459D-4264-9EF2-BF087DC9199F}.Release|Any CPU.Build.0 = Release|Any CPU
		{B09E600D-6675-416C-8F84-4AEB1280445F}.Debug|Any CPU.ActiveCfg = Debug|Any CPU
		{B09E600D-6675-416C-8F84-4AEB1280445F}.Debug|Any CPU.Build.0 = Debug|Any CPU
		{B09E600D-6675-416C-8F84-4AEB1280445F}.Release|Any CPU.ActiveCfg = Release|Any CPU
		{B09E600D-6675-416C-8F84-4AEB1280445F}.Release|Any CPU.Build.0 = Release|Any CPU
	EndGlobalSection
	GlobalSection(SolutionProperties) = preSolution
		HideSolutionNode = FALSE
	EndGlobalSection
	GlobalSection(ExtensibilityGlobals) = postSolution
		SolutionGuid = {85C8074C-3D4B-4541-8FB0-8AFFEB97925B}
	EndGlobalSection
EndGlobal
